
Microsoft Visual Studio Solution File, Format Version 12.00
# Visual Studio Version 17
VisualStudioVersion = 17.3.32929.385
MinimumVisualStudioVersion = 10.0.40219.1
Project("{FAE04EC0-301F-11D3-BF4B-00C04F79EFBC}") = "ProductWebAPI", "src\ProductWebAPI\ProductWebAPI.csproj", "{F011E528-452F-45EC-9BC4-A71A1EE82496}"
EndProject
Global
	GlobalSection(SolutionConfigurationPlatforms) = preSolution
		Debug|Any CPU = Debug|Any CPU
		Release|Any CPU = Release|Any CPU
	EndGlobalSection
	GlobalSection(ProjectConfigurationPlatforms) = postSolution
		{F011E528-452F-45EC-9BC4-A71A1EE82496}.Debug|Any CPU.ActiveCfg = Debug|Any CPU
		{F011E528-452F-45EC-9BC4-A71A1EE82496}.Debug|Any CPU.Build.0 = Debug|Any CPU
		{F011E528-452F-45EC-9BC4-A71A1EE82496}.Release|Any CPU.ActiveCfg = Release|Any CPU
		{F011E528-452F-45EC-9BC4-A71A1EE82496}.Release|Any CPU.Build.0 = Release|Any CPU
	EndGlobalSection
	GlobalSection(SolutionProperties) = preSolution
		HideSolutionNode = FALSE
	EndGlobalSection
	GlobalSection(ExtensibilityGlobals) = postSolution
		SolutionGuid = {46E7D32A-1BE1-4553-A3F6-9412BB00CDED}
	EndGlobalSection
EndGlobal
